
Microsoft Visual Studio Solution File, Format Version 12.00
# Visual Studio Version 17
VisualStudioVersion = 17.0.32126.317
MinimumVisualStudioVersion = 10.0.40219.1
Project("{FAE04EC0-301F-11D3-BF4B-00C04F79EFBC}") = "ClassLibrary1", "ClassLibrary1.csproj", "{CEBDEE1E-6394-4F29-BC5D-AAB5329E5FE2}"
EndProject
Global
	GlobalSection(SolutionConfigurationPlatforms) = preSolution
		Debug|Any CPU = Debug|Any CPU
		Release|Any CPU = Release|Any CPU
	EndGlobalSection
	GlobalSection(ProjectConfigurationPlatforms) = postSolution
		{CEBDEE1E-6394-4F29-BC5D-AAB5329E5FE2}.Debug|Any CPU.ActiveCfg = Debug|Any CPU
		{CEBDEE1E-6394-4F29-BC5D-AAB5329E5FE2}.Debug|Any CPU.Build.0 = Debug|Any CPU
		{CEBDEE1E-6394-4F29-BC5D-AAB5329E5FE2}.Release|Any CPU.ActiveCfg = Release|Any CPU
		{CEBDEE1E-6394-4F29-BC5D-AAB5329E5FE2}.Release|Any CPU.Build.0 = Release|Any CPU
	EndGlobalSection
	GlobalSection(SolutionProperties) = preSolution
		HideSolutionNode = FALSE
	EndGlobalSection
	GlobalSection(ExtensibilityGlobals) = postSolution
		SolutionGuid = {8FBCB9F5-E1A8-41A0-B4D6-1C995A799AF4}
	EndGlobalSection
EndGlobal
