
Microsoft Visual Studio Solution File, Format Version 12.00
# Visual Studio Version 17
VisualStudioVersion = 17.0.32126.317
MinimumVisualStudioVersion = 10.0.40219.1
Project("{FAE04EC0-301F-11D3-BF4B-00C04F79EFBC}") = "DemoProjectWeb", "DemoProjectWeb\DemoProjectWeb.csproj", "{A645A3A1-787B-4EA8-AFD1-0E6E2F6FD962}"
EndProject
Global
	GlobalSection(SolutionConfigurationPlatforms) = preSolution
		Debug|Any CPU = Debug|Any CPU
		Release|Any CPU = Release|Any CPU
	EndGlobalSection
	GlobalSection(ProjectConfigurationPlatforms) = postSolution
		{A645A3A1-787B-4EA8-AFD1-0E6E2F6FD962}.Debug|Any CPU.ActiveCfg = Debug|Any CPU
		{A645A3A1-787B-4EA8-AFD1-0E6E2F6FD962}.Debug|Any CPU.Build.0 = Debug|Any CPU
		{A645A3A1-787B-4EA8-AFD1-0E6E2F6FD962}.Release|Any CPU.ActiveCfg = Release|Any CPU
		{A645A3A1-787B-4EA8-AFD1-0E6E2F6FD962}.Release|Any CPU.Build.0 = Release|Any CPU
	EndGlobalSection
	GlobalSection(SolutionProperties) = preSolution
		HideSolutionNode = FALSE
	EndGlobalSection
	GlobalSection(ExtensibilityGlobals) = postSolution
		SolutionGuid = {2B572F28-19B8-4F70-9CF8-5668E37678FA}
	EndGlobalSection
EndGlobal
