
Microsoft Visual Studio Solution File, Format Version 12.00
# Visual Studio Version 17
VisualStudioVersion = 17.0.32126.317
MinimumVisualStudioVersion = 10.0.40219.1
Project("{FAE04EC0-301F-11D3-BF4B-00C04F79EFBC}") = "Assoc", "Assoc.csproj", "{2552D562-10B3-4BCC-A50A-5E40BBC2D1DF}"
EndProject
Global
	GlobalSection(SolutionConfigurationPlatforms) = preSolution
		Debug|Any CPU = Debug|Any CPU
		Release|Any CPU = Release|Any CPU
	EndGlobalSection
	GlobalSection(ProjectConfigurationPlatforms) = postSolution
		{2552D562-10B3-4BCC-A50A-5E40BBC2D1DF}.Debug|Any CPU.ActiveCfg = Debug|Any CPU
		{2552D562-10B3-4BCC-A50A-5E40BBC2D1DF}.Debug|Any CPU.Build.0 = Debug|Any CPU
		{2552D562-10B3-4BCC-A50A-5E40BBC2D1DF}.Release|Any CPU.ActiveCfg = Release|Any CPU
		{2552D562-10B3-4BCC-A50A-5E40BBC2D1DF}.Release|Any CPU.Build.0 = Release|Any CPU
	EndGlobalSection
	GlobalSection(SolutionProperties) = preSolution
		HideSolutionNode = FALSE
	EndGlobalSection
	GlobalSection(ExtensibilityGlobals) = postSolution
		SolutionGuid = {4FF5C8DA-FDDC-4D3F-B832-4BD2CC58F235}
	EndGlobalSection
EndGlobal
