
Microsoft Visual Studio Solution File, Format Version 12.00
# Visual Studio Version 17
VisualStudioVersion = 17.0.32126.317
MinimumVisualStudioVersion = 10.0.40219.1
Project("{FAE04EC0-301F-11D3-BF4B-00C04F79EFBC}") = "WebApI", "WebApI.csproj", "{107C607B-4F0C-4FBB-9864-A3B0E7361A97}"
EndProject
Global
	GlobalSection(SolutionConfigurationPlatforms) = preSolution
		Debug|Any CPU = Debug|Any CPU
		Release|Any CPU = Release|Any CPU
	EndGlobalSection
	GlobalSection(ProjectConfigurationPlatforms) = postSolution
		{107C607B-4F0C-4FBB-9864-A3B0E7361A97}.Debug|Any CPU.ActiveCfg = Debug|Any CPU
		{107C607B-4F0C-4FBB-9864-A3B0E7361A97}.Debug|Any CPU.Build.0 = Debug|Any CPU
		{107C607B-4F0C-4FBB-9864-A3B0E7361A97}.Release|Any CPU.ActiveCfg = Release|Any CPU
		{107C607B-4F0C-4FBB-9864-A3B0E7361A97}.Release|Any CPU.Build.0 = Release|Any CPU
	EndGlobalSection
	GlobalSection(SolutionProperties) = preSolution
		HideSolutionNode = FALSE
	EndGlobalSection
	GlobalSection(ExtensibilityGlobals) = postSolution
		SolutionGuid = {77F3966C-9A15-44AE-9DEB-E6D0179CC851}
	EndGlobalSection
EndGlobal
